
Microsoft Visual Studio Solution File, Format Version 12.00
# Visual Studio Version 16
VisualStudioVersion = 16.0.29424.173
MinimumVisualStudioVersion = 10.0.40219.1
Project("{FAE04EC0-301F-11D3-BF4B-00C04F79EFBC}") = "Generate_Publishers-Subscribers", "Generate_Publishers-Subscribers.csproj", "{16DA212C-3561-464D-AF7C-E8081C91F359}"
EndProject
Global
	GlobalSection(SolutionConfigurationPlatforms) = preSolution
		Debug|Any CPU = Debug|Any CPU
		Release|Any CPU = Release|Any CPU
	EndGlobalSection
	GlobalSection(ProjectConfigurationPlatforms) = postSolution
		{16DA212C-3561-464D-AF7C-E8081C91F359}.Debug|Any CPU.ActiveCfg = Debug|Any CPU
		{16DA212C-3561-464D-AF7C-E8081C91F359}.Debug|Any CPU.Build.0 = Debug|Any CPU
		{16DA212C-3561-464D-AF7C-E8081C91F359}.Release|Any CPU.ActiveCfg = Release|Any CPU
		{16DA212C-3561-464D-AF7C-E8081C91F359}.Release|Any CPU.Build.0 = Release|Any CPU
	EndGlobalSection
	GlobalSection(SolutionProperties) = preSolution
		HideSolutionNode = FALSE
	EndGlobalSection
	GlobalSection(ExtensibilityGlobals) = postSolution
		SolutionGuid = {E281ADF5-AA0A-4E9C-9B1A-7326719F536B}
	EndGlobalSection
EndGlobal
